
Microsoft Visual Studio Solution File, Format Version 12.00
# Visual Studio 14
VisualStudioVersion = 14.0.25420.1
MinimumVisualStudioVersion = 10.0.40219.1
Project("{FAE04EC0-301F-11D3-BF4B-00C04F79EFBC}") = "Restaurant", "Restaurant\Restaurant.csproj", "{181AD745-CC68-4D5E-977E-369C33C2AEFD}"
EndProject
Project("{FAE04EC0-301F-11D3-BF4B-00C04F79EFBC}") = "DomainClasses", "DomainClasses\DomainClasses.csproj", "{A19079E6-A707-4AFF-AB62-C7A8515DC68B}"
EndProject
Project("{FAE04EC0-301F-11D3-BF4B-00C04F79EFBC}") = "Services", "Services\Services.csproj", "{86FAB6EE-F918-4F6A-ABF2-0AACD5B02257}"
EndProject
Project("{FAE04EC0-301F-11D3-BF4B-00C04F79EFBC}") = "DAL", "DAL\DAL.csproj", "{051E0D6D-FB88-4253-BB25-4F2F42F1426F}"
EndProject
Global
	GlobalSection(SolutionConfigurationPlatforms) = preSolution
		Debug|Any CPU = Debug|Any CPU
		Release|Any CPU = Release|Any CPU
	EndGlobalSection
	GlobalSection(ProjectConfigurationPlatforms) = postSolution
		{181AD745-CC68-4D5E-977E-369C33C2AEFD}.Debug|Any CPU.ActiveCfg = Debug|Any CPU
		{181AD745-CC68-4D5E-977E-369C33C2AEFD}.Debug|Any CPU.Build.0 = Debug|Any CPU
		{181AD745-CC68-4D5E-977E-369C33C2AEFD}.Release|Any CPU.ActiveCfg = Release|Any CPU
		{181AD745-CC68-4D5E-977E-369C33C2AEFD}.Release|Any CPU.Build.0 = Release|Any CPU
		{A19079E6-A707-4AFF-AB62-C7A8515DC68B}.Debug|Any CPU.ActiveCfg = Debug|Any CPU
		{A19079E6-A707-4AFF-AB62-C7A8515DC68B}.Debug|Any CPU.Build.0 = Debug|Any CPU
		{A19079E6-A707-4AFF-AB62-C7A8515DC68B}.Release|Any CPU.ActiveCfg = Release|Any CPU
		{A19079E6-A707-4AFF-AB62-C7A8515DC68B}.Release|Any CPU.Build.0 = Release|Any CPU
		{86FAB6EE-F918-4F6A-ABF2-0AACD5B02257}.Debug|Any CPU.ActiveCfg = Debug|Any CPU
		{86FAB6EE-F918-4F6A-ABF2-0AACD5B02257}.Debug|Any CPU.Build.0 = Debug|Any CPU
		{86FAB6EE-F918-4F6A-ABF2-0AACD5B02257}.Release|Any CPU.ActiveCfg = Release|Any CPU
		{86FAB6EE-F918-4F6A-ABF2-0AACD5B02257}.Release|Any CPU.Build.0 = Release|Any CPU
		{051E0D6D-FB88-4253-BB25-4F2F42F1426F}.Debug|Any CPU.ActiveCfg = Debug|Any CPU
		{051E0D6D-FB88-4253-BB25-4F2F42F1426F}.Debug|Any CPU.Build.0 = Debug|Any CPU
		{051E0D6D-FB88-4253-BB25-4F2F42F1426F}.Release|Any CPU.ActiveCfg = Release|Any CPU
		{051E0D6D-FB88-4253-BB25-4F2F42F1426F}.Release|Any CPU.Build.0 = Release|Any CPU
	EndGlobalSection
	GlobalSection(SolutionProperties) = preSolution
		HideSolutionNode = FALSE
	EndGlobalSection
EndGlobal
